
Microsoft Visual Studio Solution File, Format Version 12.00
# Visual Studio Version 17
VisualStudioVersion = 17.0.32014.148
MinimumVisualStudioVersion = 10.0.40219.1
Project("{FAE04EC0-301F-11D3-BF4B-00C04F79EFBC}") = "WebApplication3", "WebApplication3\WebApplication3.csproj", "{2126239E-7B15-4D33-9F92-E306E89EFAD8}"
EndProject
Global
	GlobalSection(SolutionConfigurationPlatforms) = preSolution
		Debug|Any CPU = Debug|Any CPU
		Release|Any CPU = Release|Any CPU
	EndGlobalSection
	GlobalSection(ProjectConfigurationPlatforms) = postSolution
		{2126239E-7B15-4D33-9F92-E306E89EFAD8}.Debug|Any CPU.ActiveCfg = Debug|Any CPU
		{2126239E-7B15-4D33-9F92-E306E89EFAD8}.Debug|Any CPU.Build.0 = Debug|Any CPU
		{2126239E-7B15-4D33-9F92-E306E89EFAD8}.Release|Any CPU.ActiveCfg = Release|Any CPU
		{2126239E-7B15-4D33-9F92-E306E89EFAD8}.Release|Any CPU.Build.0 = Release|Any CPU
	EndGlobalSection
	GlobalSection(SolutionProperties) = preSolution
		HideSolutionNode = FALSE
	EndGlobalSection
	GlobalSection(ExtensibilityGlobals) = postSolution
		SolutionGuid = {B153871E-8671-494C-B038-27F7B9DFB745}
	EndGlobalSection
EndGlobal
